
Microsoft Visual Studio Solution File, Format Version 12.00
# Visual Studio Version 16
VisualStudioVersion = 16.0.31321.278
MinimumVisualStudioVersion = 10.0.40219.1
Project("{FAE04EC0-301F-11D3-BF4B-00C04F79EFBC}") = "ConvertImageTool", "ConvertImageTool.csproj", "{FA16B823-1322-4A3B-A45B-C5A540C81552}"
EndProject
Project("{FAE04EC0-301F-11D3-BF4B-00C04F79EFBC}") = "ConvertImageTool.Common", "..\ConvertImageTool.Common\ConvertImageTool.Common.csproj", "{C456E6A2-178C-453E-8AC5-1B75519DA337}"
EndProject
Global
	GlobalSection(SolutionConfigurationPlatforms) = preSolution
		Debug|Any CPU = Debug|Any CPU
		Release|Any CPU = Release|Any CPU
	EndGlobalSection
	GlobalSection(ProjectConfigurationPlatforms) = postSolution
		{FA16B823-1322-4A3B-A45B-C5A540C81552}.Debug|Any CPU.ActiveCfg = Debug|Any CPU
		{FA16B823-1322-4A3B-A45B-C5A540C81552}.Debug|Any CPU.Build.0 = Debug|Any CPU
		{FA16B823-1322-4A3B-A45B-C5A540C81552}.Release|Any CPU.ActiveCfg = Release|Any CPU
		{FA16B823-1322-4A3B-A45B-C5A540C81552}.Release|Any CPU.Build.0 = Release|Any CPU
		{C456E6A2-178C-453E-8AC5-1B75519DA337}.Debug|Any CPU.ActiveCfg = Debug|Any CPU
		{C456E6A2-178C-453E-8AC5-1B75519DA337}.Debug|Any CPU.Build.0 = Debug|Any CPU
		{C456E6A2-178C-453E-8AC5-1B75519DA337}.Release|Any CPU.ActiveCfg = Release|Any CPU
		{C456E6A2-178C-453E-8AC5-1B75519DA337}.Release|Any CPU.Build.0 = Release|Any CPU
	EndGlobalSection
	GlobalSection(SolutionProperties) = preSolution
		HideSolutionNode = FALSE
	EndGlobalSection
	GlobalSection(ExtensibilityGlobals) = postSolution
		SolutionGuid = {03892698-6A01-45AE-AA17-57D22FD617F4}
	EndGlobalSection
EndGlobal
